
Microsoft Visual Studio Solution File, Format Version 12.00
# Visual Studio Version 17
VisualStudioVersion = 17.6.33829.357
MinimumVisualStudioVersion = 10.0.40219.1
Project("{FAE04EC0-301F-11D3-BF4B-00C04F79EFBC}") = "api_crud_stationerys", "api_crud_stationerys\api_crud_stationerys.csproj", "{402B5BFE-191F-47B7-92CB-141D3A53141F}"
EndProject
Global
	GlobalSection(SolutionConfigurationPlatforms) = preSolution
		Debug|Any CPU = Debug|Any CPU
		Release|Any CPU = Release|Any CPU
	EndGlobalSection
	GlobalSection(ProjectConfigurationPlatforms) = postSolution
		{402B5BFE-191F-47B7-92CB-141D3A53141F}.Debug|Any CPU.ActiveCfg = Debug|Any CPU
		{402B5BFE-191F-47B7-92CB-141D3A53141F}.Debug|Any CPU.Build.0 = Debug|Any CPU
		{402B5BFE-191F-47B7-92CB-141D3A53141F}.Release|Any CPU.ActiveCfg = Release|Any CPU
		{402B5BFE-191F-47B7-92CB-141D3A53141F}.Release|Any CPU.Build.0 = Release|Any CPU
	EndGlobalSection
	GlobalSection(SolutionProperties) = preSolution
		HideSolutionNode = FALSE
	EndGlobalSection
	GlobalSection(ExtensibilityGlobals) = postSolution
		SolutionGuid = {423B3B58-C81F-4FF3-860F-A132BACD8F03}
	EndGlobalSection
EndGlobal
